
Microsoft Visual Studio Solution File, Format Version 12.00
# Visual Studio 15
VisualStudioVersion = 15.0.26403.7
MinimumVisualStudioVersion = 10.0.40219.1
Project("{2150E333-8FDC-42A3-9474-1A3956D46DE8}") = "01 - Service Layer", "01 - Service Layer", "{798AD1D7-F32D-4C0D-9477-3DE748E26436}"
EndProject
Project("{2150E333-8FDC-42A3-9474-1A3956D46DE8}") = "02 - Business Layer", "02 - Business Layer", "{9CFCD5CC-2801-4CE9-947A-980CCE9901BF}"
EndProject
Project("{FAE04EC0-301F-11D3-BF4B-00C04F79EFBC}") = "Venture.ProfileWrite.Business", "Venture.ProfileWrite.Business\Venture.ProfileWrite.Business.csproj", "{59A5B99D-A8B6-47A9-9A35-AA6562BEF55A}"
EndProject
Project("{FAE04EC0-301F-11D3-BF4B-00C04F79EFBC}") = "Venture.ProfileWrite.Service", "Venture.ProfileWrite.Service\Venture.ProfileWrite.Service.csproj", "{CFC3CB7E-BFBA-4804-9431-30B50C8B0DC8}"
EndProject
Project("{2150E333-8FDC-42A3-9474-1A3956D46DE8}") = "03 - Domain Layer", "03 - Domain Layer", "{4782F63B-BD5F-4442-BED9-A621902EC2F7}"
EndProject
Project("{FAE04EC0-301F-11D3-BF4B-00C04F79EFBC}") = "Venture.ProfileWrite.Domain", "Venture.ProfileWrite.Domain\Venture.ProfileWrite.Domain.csproj", "{F322F45B-2958-4D2B-AE67-C5504EB2A214}"
EndProject
Global
	GlobalSection(SolutionConfigurationPlatforms) = preSolution
		Debug|Any CPU = Debug|Any CPU
		Release|Any CPU = Release|Any CPU
	EndGlobalSection
	GlobalSection(ProjectConfigurationPlatforms) = postSolution
		{59A5B99D-A8B6-47A9-9A35-AA6562BEF55A}.Debug|Any CPU.ActiveCfg = Debug|Any CPU
		{59A5B99D-A8B6-47A9-9A35-AA6562BEF55A}.Debug|Any CPU.Build.0 = Debug|Any CPU
		{59A5B99D-A8B6-47A9-9A35-AA6562BEF55A}.Release|Any CPU.ActiveCfg = Release|Any CPU
		{59A5B99D-A8B6-47A9-9A35-AA6562BEF55A}.Release|Any CPU.Build.0 = Release|Any CPU
		{CFC3CB7E-BFBA-4804-9431-30B50C8B0DC8}.Debug|Any CPU.ActiveCfg = Debug|Any CPU
		{CFC3CB7E-BFBA-4804-9431-30B50C8B0DC8}.Debug|Any CPU.Build.0 = Debug|Any CPU
		{CFC3CB7E-BFBA-4804-9431-30B50C8B0DC8}.Release|Any CPU.ActiveCfg = Release|Any CPU
		{CFC3CB7E-BFBA-4804-9431-30B50C8B0DC8}.Release|Any CPU.Build.0 = Release|Any CPU
		{F322F45B-2958-4D2B-AE67-C5504EB2A214}.Debug|Any CPU.ActiveCfg = Debug|Any CPU
		{F322F45B-2958-4D2B-AE67-C5504EB2A214}.Debug|Any CPU.Build.0 = Debug|Any CPU
		{F322F45B-2958-4D2B-AE67-C5504EB2A214}.Release|Any CPU.ActiveCfg = Release|Any CPU
		{F322F45B-2958-4D2B-AE67-C5504EB2A214}.Release|Any CPU.Build.0 = Release|Any CPU
	EndGlobalSection
	GlobalSection(SolutionProperties) = preSolution
		HideSolutionNode = FALSE
	EndGlobalSection
	GlobalSection(NestedProjects) = preSolution
		{59A5B99D-A8B6-47A9-9A35-AA6562BEF55A} = {9CFCD5CC-2801-4CE9-947A-980CCE9901BF}
		{CFC3CB7E-BFBA-4804-9431-30B50C8B0DC8} = {798AD1D7-F32D-4C0D-9477-3DE748E26436}
		{F322F45B-2958-4D2B-AE67-C5504EB2A214} = {4782F63B-BD5F-4442-BED9-A621902EC2F7}
	EndGlobalSection
EndGlobal
