
Microsoft Visual Studio Solution File, Format Version 12.00
# Visual Studio 15
VisualStudioVersion = 15.0.26403.7
MinimumVisualStudioVersion = 10.0.40219.1
Project("{2150E333-8FDC-42A3-9474-1A3956D46DE8}") = "01 - Service Layer", "01 - Service Layer", "{DBAD4948-31B9-4260-BE38-983DD1F051A2}"
EndProject
Project("{9A19103F-16F7-4668-BE54-9A1E7A4F7556}") = "Venture.Gateway.Service", "Venture.Gateway.Service\Venture.Gateway.Service.csproj", "{F33E56F8-4D89-4471-AF76-18C8CA0AB9F9}"
EndProject
Project("{2150E333-8FDC-42A3-9474-1A3956D46DE8}") = "02 - Business Layer", "02 - Business Layer", "{CB56B925-DCF9-4D63-A2F9-D2F52243CA4C}"
EndProject
Project("{9A19103F-16F7-4668-BE54-9A1E7A4F7556}") = "Venture.Gateway.Business", "Venture.Gateway.Business\Venture.Gateway.Business.csproj", "{7EBFC0A3-4589-46CB-B16B-53861A511634}"
EndProject
Global
	GlobalSection(SolutionConfigurationPlatforms) = preSolution
		Debug|Any CPU = Debug|Any CPU
		Release|Any CPU = Release|Any CPU
	EndGlobalSection
	GlobalSection(ProjectConfigurationPlatforms) = postSolution
		{F33E56F8-4D89-4471-AF76-18C8CA0AB9F9}.Debug|Any CPU.ActiveCfg = Debug|Any CPU
		{F33E56F8-4D89-4471-AF76-18C8CA0AB9F9}.Debug|Any CPU.Build.0 = Debug|Any CPU
		{F33E56F8-4D89-4471-AF76-18C8CA0AB9F9}.Release|Any CPU.ActiveCfg = Release|Any CPU
		{F33E56F8-4D89-4471-AF76-18C8CA0AB9F9}.Release|Any CPU.Build.0 = Release|Any CPU
		{7EBFC0A3-4589-46CB-B16B-53861A511634}.Debug|Any CPU.ActiveCfg = Debug|Any CPU
		{7EBFC0A3-4589-46CB-B16B-53861A511634}.Debug|Any CPU.Build.0 = Debug|Any CPU
		{7EBFC0A3-4589-46CB-B16B-53861A511634}.Release|Any CPU.ActiveCfg = Release|Any CPU
		{7EBFC0A3-4589-46CB-B16B-53861A511634}.Release|Any CPU.Build.0 = Release|Any CPU
	EndGlobalSection
	GlobalSection(SolutionProperties) = preSolution
		HideSolutionNode = FALSE
	EndGlobalSection
	GlobalSection(NestedProjects) = preSolution
		{F33E56F8-4D89-4471-AF76-18C8CA0AB9F9} = {DBAD4948-31B9-4260-BE38-983DD1F051A2}
		{7EBFC0A3-4589-46CB-B16B-53861A511634} = {CB56B925-DCF9-4D63-A2F9-D2F52243CA4C}
	EndGlobalSection
EndGlobal
