
Microsoft Visual Studio Solution File, Format Version 12.00
# Visual Studio 15
VisualStudioVersion = 15.0.26403.7
MinimumVisualStudioVersion = 10.0.40219.1
Project("{2150E333-8FDC-42A3-9474-1A3956D46DE8}") = "01 - Service Layer", "01 - Service Layer", "{48B884D7-03B2-45EF-B020-5D8D93299B33}"
EndProject
Project("{2150E333-8FDC-42A3-9474-1A3956D46DE8}") = "02 - Business Layer", "02 - Business Layer", "{09D9465A-F12B-49E8-97B7-E36833B14E12}"
EndProject
Project("{2150E333-8FDC-42A3-9474-1A3956D46DE8}") = "03 - Data Access Layer", "03 - Data Access Layer", "{83A172FE-FB0B-4C33-B5DE-4076F1F4E87E}"
EndProject
Project("{2150E333-8FDC-42A3-9474-1A3956D46DE8}") = "04 - Crosscutting Concerns", "04 - Crosscutting Concerns", "{8D89AAA2-13AF-4B2C-AC5F-AF6CD9F1BCB9}"
EndProject
Project("{2150E333-8FDC-42A3-9474-1A3956D46DE8}") = "05 - Tests", "05 - Tests", "{631AE10D-FAB8-4360-8D6B-36B8547F0917}"
EndProject
Project("{FAE04EC0-301F-11D3-BF4B-00C04F79EFBC}") = "Venture.Users.Data", "Venture.Users.Data\Venture.Users.Data.csproj", "{016ECA80-D124-4280-8DD7-2570329B4613}"
EndProject
Project("{FAE04EC0-301F-11D3-BF4B-00C04F79EFBC}") = "Venture.Users.WebApi", "Venture.Users.WebApi\Venture.Users.WebApi.csproj", "{DF84B76F-AD77-4B56-B2DF-0D726C41BF9D}"
EndProject
Global
	GlobalSection(SolutionConfigurationPlatforms) = preSolution
		Debug|Any CPU = Debug|Any CPU
		Release|Any CPU = Release|Any CPU
	EndGlobalSection
	GlobalSection(ProjectConfigurationPlatforms) = postSolution
		{016ECA80-D124-4280-8DD7-2570329B4613}.Debug|Any CPU.ActiveCfg = Debug|Any CPU
		{016ECA80-D124-4280-8DD7-2570329B4613}.Debug|Any CPU.Build.0 = Debug|Any CPU
		{016ECA80-D124-4280-8DD7-2570329B4613}.Release|Any CPU.ActiveCfg = Release|Any CPU
		{016ECA80-D124-4280-8DD7-2570329B4613}.Release|Any CPU.Build.0 = Release|Any CPU
		{DF84B76F-AD77-4B56-B2DF-0D726C41BF9D}.Debug|Any CPU.ActiveCfg = Debug|Any CPU
		{DF84B76F-AD77-4B56-B2DF-0D726C41BF9D}.Debug|Any CPU.Build.0 = Debug|Any CPU
		{DF84B76F-AD77-4B56-B2DF-0D726C41BF9D}.Release|Any CPU.ActiveCfg = Release|Any CPU
		{DF84B76F-AD77-4B56-B2DF-0D726C41BF9D}.Release|Any CPU.Build.0 = Release|Any CPU
	EndGlobalSection
	GlobalSection(SolutionProperties) = preSolution
		HideSolutionNode = FALSE
	EndGlobalSection
	GlobalSection(NestedProjects) = preSolution
		{016ECA80-D124-4280-8DD7-2570329B4613} = {83A172FE-FB0B-4C33-B5DE-4076F1F4E87E}
		{DF84B76F-AD77-4B56-B2DF-0D726C41BF9D} = {48B884D7-03B2-45EF-B020-5D8D93299B33}
	EndGlobalSection
EndGlobal
