
Microsoft Visual Studio Solution File, Format Version 12.00
# Visual Studio 15
VisualStudioVersion = 15.0.26403.7
MinimumVisualStudioVersion = 10.0.40219.1
Project("{2150E333-8FDC-42A3-9474-1A3956D46DE8}") = "01 - Service Layer", "01 - Service Layer", "{4774221C-A7B3-4360-922B-8917865B2C1A}"
EndProject
Project("{2150E333-8FDC-42A3-9474-1A3956D46DE8}") = "02 - Business Layer", "02 - Business Layer", "{0549C81A-9A0B-47DA-830C-9280CD953244}"
EndProject
Project("{FAE04EC0-301F-11D3-BF4B-00C04F79EFBC}") = "Venture.ProfileRead.Service", "Venture.ProfileRead.Service\Venture.ProfileRead.Service.csproj", "{05CD37E0-BA92-41C9-9C9F-E5898D187A77}"
EndProject
Project("{FAE04EC0-301F-11D3-BF4B-00C04F79EFBC}") = "Venture.ProfileRead.Business", "Venture.ProfileRead.Business\Venture.ProfileRead.Business.csproj", "{D194CC8E-5007-4EA1-9D13-F9B8D7DFAABB}"
EndProject
Global
	GlobalSection(SolutionConfigurationPlatforms) = preSolution
		Debug|Any CPU = Debug|Any CPU
		Release|Any CPU = Release|Any CPU
	EndGlobalSection
	GlobalSection(ProjectConfigurationPlatforms) = postSolution
		{05CD37E0-BA92-41C9-9C9F-E5898D187A77}.Debug|Any CPU.ActiveCfg = Debug|Any CPU
		{05CD37E0-BA92-41C9-9C9F-E5898D187A77}.Debug|Any CPU.Build.0 = Debug|Any CPU
		{05CD37E0-BA92-41C9-9C9F-E5898D187A77}.Release|Any CPU.ActiveCfg = Release|Any CPU
		{05CD37E0-BA92-41C9-9C9F-E5898D187A77}.Release|Any CPU.Build.0 = Release|Any CPU
		{D194CC8E-5007-4EA1-9D13-F9B8D7DFAABB}.Debug|Any CPU.ActiveCfg = Debug|Any CPU
		{D194CC8E-5007-4EA1-9D13-F9B8D7DFAABB}.Debug|Any CPU.Build.0 = Debug|Any CPU
		{D194CC8E-5007-4EA1-9D13-F9B8D7DFAABB}.Release|Any CPU.ActiveCfg = Release|Any CPU
		{D194CC8E-5007-4EA1-9D13-F9B8D7DFAABB}.Release|Any CPU.Build.0 = Release|Any CPU
	EndGlobalSection
	GlobalSection(SolutionProperties) = preSolution
		HideSolutionNode = FALSE
	EndGlobalSection
	GlobalSection(NestedProjects) = preSolution
		{05CD37E0-BA92-41C9-9C9F-E5898D187A77} = {4774221C-A7B3-4360-922B-8917865B2C1A}
		{D194CC8E-5007-4EA1-9D13-F9B8D7DFAABB} = {0549C81A-9A0B-47DA-830C-9280CD953244}
	EndGlobalSection
EndGlobal
