
Microsoft Visual Studio Solution File, Format Version 12.00
# Visual Studio 15
VisualStudioVersion = 15.0.26403.7
MinimumVisualStudioVersion = 10.0.40219.1
Project("{2150E333-8FDC-42A3-9474-1A3956D46DE8}") = "Venture.ProjectWrite", "Venture.ProjectWrite", "{0F2D88FA-0197-49C2-BC51-372838CBC9E8}"
EndProject
Project("{2150E333-8FDC-42A3-9474-1A3956D46DE8}") = "Venture.ProjectRead", "Venture.ProjectRead", "{1C9A5FD7-E9E4-48A0-B461-90328E7B3330}"
EndProject
Project("{2150E333-8FDC-42A3-9474-1A3956D46DE8}") = "Venture.Common", "Venture.Common", "{FD43C92B-1C4C-48EA-BCFC-F14FD7C9F3B9}"
EndProject
Project("{2150E333-8FDC-42A3-9474-1A3956D46DE8}") = "Venture.Gateway", "Venture.Gateway", "{115D7E81-0FA4-40D4-AE3C-047CC7B98475}"
EndProject
Project("{2150E333-8FDC-42A3-9474-1A3956D46DE8}") = "Venture.Users", "Venture.Users", "{B888F33A-8AF2-495C-AEDD-956E3F08F1E2}"
EndProject
Project("{2150E333-8FDC-42A3-9474-1A3956D46DE8}") = "Venture.TeamWrite", "Venture.TeamWrite", "{B7E1964A-0B39-4EF1-9AAC-417FF766FC56}"
EndProject
Project("{2150E333-8FDC-42A3-9474-1A3956D46DE8}") = "Venture.TeamRead", "Venture.TeamRead", "{B70DEF82-1E2F-4ED2-A799-E46481855CAC}"
EndProject
Project("{9A19103F-16F7-4668-BE54-9A1E7A4F7556}") = "Venture.Common", "..\Venture.Common\Venture.Common\Venture.Common.csproj", "{48FEA97B-3D11-4DA1-B457-1F349A040E84}"
EndProject
Project("{9A19103F-16F7-4668-BE54-9A1E7A4F7556}") = "Venture.Common.Tests", "..\Venture.Common\Venture.Common.Tests\Venture.Common.Tests.csproj", "{397A5B97-F5CE-401F-A221-BA2C7A06C2E5}"
EndProject
Project("{9A19103F-16F7-4668-BE54-9A1E7A4F7556}") = "Venture.Gateway.Service", "..\Venture.Gateway\Venture.Gateway.Service\Venture.Gateway.Service.csproj", "{98F9275A-609E-4F19-A41E-EDB5600A7975}"
EndProject
Project("{9A19103F-16F7-4668-BE54-9A1E7A4F7556}") = "Venture.Gateway.Business", "..\Venture.Gateway\Venture.Gateway.Business\Venture.Gateway.Business.csproj", "{1B052C3E-1462-4185-8415-6BCEB4628FFC}"
EndProject
Project("{9A19103F-16F7-4668-BE54-9A1E7A4F7556}") = "Venture.ProjectRead.Service", "..\Venture.ProjectRead\Venture.ProjectRead.Service\Venture.ProjectRead.Service.csproj", "{CFA667C3-784D-432F-9032-8A719055663B}"
EndProject
Project("{9A19103F-16F7-4668-BE54-9A1E7A4F7556}") = "Venture.ProjectRead.Data", "..\Venture.ProjectRead\Venture.ProjectRead.Data\Venture.ProjectRead.Data.csproj", "{6791D62C-9CB5-49AF-8A07-BDB2D8FCB5AA}"
EndProject
Project("{9A19103F-16F7-4668-BE54-9A1E7A4F7556}") = "Venture.ProjectRead.Application", "..\Venture.ProjectRead\Venture.ProjectRead.Application\Venture.ProjectRead.Application.csproj", "{DCCB00C9-FFF8-49AA-9268-AEBE37B80829}"
EndProject
Project("{9A19103F-16F7-4668-BE54-9A1E7A4F7556}") = "Venture.ProjectWrite.Application", "..\Venture.ProjectWrite\Venture.ProjectWrite.Application\Venture.ProjectWrite.Application.csproj", "{49FEAA3E-31FE-4348-B45E-B577B256FB9C}"
EndProject
Project("{9A19103F-16F7-4668-BE54-9A1E7A4F7556}") = "Venture.ProjectWrite.Application.Tests", "..\Venture.ProjectWrite\Venture.ProjectWrite.Application.Tests\Venture.ProjectWrite.Application.Tests.csproj", "{6F67C14F-5430-49A1-9738-D1FEB28ADF69}"
EndProject
Project("{9A19103F-16F7-4668-BE54-9A1E7A4F7556}") = "Venture.ProjectWrite.Domain", "..\Venture.ProjectWrite\Venture.ProjectWrite.Domain\Venture.ProjectWrite.Domain.csproj", "{3F4310C7-1FB7-4FE8-AA07-F9A9EA28A810}"
EndProject
Project("{9A19103F-16F7-4668-BE54-9A1E7A4F7556}") = "Venture.ProjectWrite.Domain.Tests", "..\Venture.ProjectWrite\Venture.ProjectWrite.Domain.Tests\Venture.ProjectWrite.Domain.Tests.csproj", "{19D27C18-6D8C-4831-8634-6E5FAFA27704}"
EndProject
Project("{9A19103F-16F7-4668-BE54-9A1E7A4F7556}") = "Venture.ProjectWrite.Service", "..\Venture.ProjectWrite\Venture.ProjectWrite.Service\Venture.ProjectWrite.Service.csproj", "{9581F3CB-2D03-42DB-910D-3C1E0571625C}"
EndProject
Project("{2150E333-8FDC-42A3-9474-1A3956D46DE8}") = "01- Service Layer", "01- Service Layer", "{A75BD184-6ECA-4710-A560-FFD2015045FF}"
EndProject
Project("{2150E333-8FDC-42A3-9474-1A3956D46DE8}") = "02 - Application Layer", "02 - Application Layer", "{8DA3D02D-9C6A-4084-A452-9A45D7FA48A6}"
EndProject
Project("{2150E333-8FDC-42A3-9474-1A3956D46DE8}") = "03 - Domain Layer", "03 - Domain Layer", "{A7CAF8A4-F8B6-4B57-8343-69FE34D3071A}"
EndProject
Project("{2150E333-8FDC-42A3-9474-1A3956D46DE8}") = "04 - Tests", "04 - Tests", "{8D6C6BA8-5B61-4B51-A725-928DCB6D5E25}"
EndProject
Project("{2150E333-8FDC-42A3-9474-1A3956D46DE8}") = "01 - Service Layer", "01 - Service Layer", "{36376BC7-73A8-4385-808D-F332884F72A6}"
EndProject
Project("{2150E333-8FDC-42A3-9474-1A3956D46DE8}") = "02 - Application Layer", "02 - Application Layer", "{B9C4A2DE-627B-4C5E-BEF1-234CE7B81594}"
EndProject
Project("{2150E333-8FDC-42A3-9474-1A3956D46DE8}") = "03 - Domain Layer", "03 - Domain Layer", "{FBBDFAA8-2195-42EA-BFDB-E2E41519C728}"
EndProject
Project("{2150E333-8FDC-42A3-9474-1A3956D46DE8}") = "01 - Service Layer", "01 - Service Layer", "{028D3C8B-2A10-43BA-97C9-86DA173AF6ED}"
EndProject
Project("{2150E333-8FDC-42A3-9474-1A3956D46DE8}") = "02 - Business Layer", "02 - Business Layer", "{7E8D1CD0-2ADB-4B81-84AF-AC619543F6DB}"
EndProject
Project("{2150E333-8FDC-42A3-9474-1A3956D46DE8}") = "03 - Domain Layer", "03 - Domain Layer", "{EF9106F9-BBD9-4C06-BFFB-3E34E6615576}"
EndProject
Project("{9A19103F-16F7-4668-BE54-9A1E7A4F7556}") = "Venture.TeamWrite.Domain", "..\Venture.TeamWrite\Venture.TeamWrite.Domain\Venture.TeamWrite.Domain.csproj", "{B1A108FC-B1DA-46A9-98D0-FFC67E37B01C}"
EndProject
Project("{2150E333-8FDC-42A3-9474-1A3956D46DE8}") = "04 - Tests", "04 - Tests", "{73918221-F133-492F-BD2A-551D9D14E47D}"
EndProject
Project("{9A19103F-16F7-4668-BE54-9A1E7A4F7556}") = "Venture.TeamWrite.Domain.Tests", "..\Venture.TeamWrite\Venture.TeamWrite.Domain.Tests\Venture.TeamWrite.Domain.Tests.csproj", "{19D11BF7-A4BA-4562-90CB-5CC4A4CC319D}"
EndProject
Project("{2150E333-8FDC-42A3-9474-1A3956D46DE8}") = "01 - Service Layer", "01 - Service Layer", "{96C3D59E-119D-4B98-AF2A-ABC431B8DEF2}"
EndProject
Project("{2150E333-8FDC-42A3-9474-1A3956D46DE8}") = "02 - Application Layer", "02 - Application Layer", "{ED5A18C1-B312-4C13-92E0-CF823DFBBBC4}"
EndProject
Project("{9A19103F-16F7-4668-BE54-9A1E7A4F7556}") = "Venture.TeamWrite.Service", "..\Venture.TeamWrite\Venture.TeamWrite.Service\Venture.TeamWrite.Service.csproj", "{328880F6-D496-4033-AED1-01B23F8F11EC}"
EndProject
Project("{9A19103F-16F7-4668-BE54-9A1E7A4F7556}") = "Venture.TeamWrite.Application", "..\Venture.TeamWrite\Venture.TeamWrite.Application\Venture.TeamWrite.Application.csproj", "{9EDADD1D-BFE1-4E4C-B042-6799A761F5B2}"
EndProject
Project("{2150E333-8FDC-42A3-9474-1A3956D46DE8}") = "01 - Service Layer", "01 - Service Layer", "{8D70EDC6-3A95-4D75-9CB9-9D467B3CEC59}"
EndProject
Project("{2150E333-8FDC-42A3-9474-1A3956D46DE8}") = "02 - Application Layer", "02 - Application Layer", "{29EFCF75-2919-4B54-92B4-6DC866DC9451}"
EndProject
Project("{2150E333-8FDC-42A3-9474-1A3956D46DE8}") = "03 - Domain Layer", "03 - Domain Layer", "{0BC1DB68-A527-4CFF-8A04-2421D19490A0}"
EndProject
Project("{9A19103F-16F7-4668-BE54-9A1E7A4F7556}") = "Venture.TeamRead.Service", "..\Venture.TeamRead\Venture.TeamRead.Service\Venture.TeamRead.Service.csproj", "{E6D67686-325C-4A02-B145-8815523E1EC2}"
EndProject
Project("{9A19103F-16F7-4668-BE54-9A1E7A4F7556}") = "Venture.TeamRead.Application", "..\Venture.TeamRead\Venture.TeamRead.Application\Venture.TeamRead.Application.csproj", "{5831D091-C30F-4FF0-A9EC-E930C952D00D}"
EndProject
Project("{9A19103F-16F7-4668-BE54-9A1E7A4F7556}") = "Venture.TeamRead.Data", "..\Venture.TeamRead\Venture.TeamRead.Data\Venture.TeamRead.Data.csproj", "{52327D36-D94E-417C-987A-29394BC31192}"
EndProject
Project("{2150E333-8FDC-42A3-9474-1A3956D46DE8}") = "01 - Service Layer", "01 - Service Layer", "{4F7E7EE1-15B4-4145-930F-3817018934AD}"
EndProject
Project("{2150E333-8FDC-42A3-9474-1A3956D46DE8}") = "02 - Application Layer", "02 - Application Layer", "{07F6933D-79C4-4F51-91C0-9C5A0D3265ED}"
EndProject
Project("{2150E333-8FDC-42A3-9474-1A3956D46DE8}") = "03 - Domain Layer", "03 - Domain Layer", "{4319EE88-38FD-46D2-BBDF-6402DB75A947}"
EndProject
Project("{9A19103F-16F7-4668-BE54-9A1E7A4F7556}") = "Venture.Users.Data", "..\Venture.Users\Venture.Users.Data\Venture.Users.Data.csproj", "{A6D47B55-E506-4C00-9FBB-C5516063D1AF}"
EndProject
Project("{9A19103F-16F7-4668-BE54-9A1E7A4F7556}") = "Venture.Users.Application", "..\Venture.Users\Venture.Users.Application\Venture.Users.Application.csproj", "{C9901FA1-32F4-454E-B76A-CEDEF4C171DE}"
EndProject
Project("{9A19103F-16F7-4668-BE54-9A1E7A4F7556}") = "Venture.Users.Service", "..\Venture.Users\Venture.Users.Service\Venture.Users.Service.csproj", "{824A1453-0E74-47B7-BC5D-206F9CE9A668}"
EndProject
Project("{9A19103F-16F7-4668-BE54-9A1E7A4F7556}") = "Venture.Users.Auth", "..\Venture.Users\Venture.Users.Auth\Venture.Users.Auth.csproj", "{619A57BF-C209-4939-9117-7B8CCAB44E96}"
EndProject
Global
	GlobalSection(SolutionConfigurationPlatforms) = preSolution
		Debug|Any CPU = Debug|Any CPU
		Release|Any CPU = Release|Any CPU
	EndGlobalSection
	GlobalSection(ProjectConfigurationPlatforms) = postSolution
		{48FEA97B-3D11-4DA1-B457-1F349A040E84}.Debug|Any CPU.ActiveCfg = Debug|Any CPU
		{48FEA97B-3D11-4DA1-B457-1F349A040E84}.Debug|Any CPU.Build.0 = Debug|Any CPU
		{48FEA97B-3D11-4DA1-B457-1F349A040E84}.Release|Any CPU.ActiveCfg = Release|Any CPU
		{48FEA97B-3D11-4DA1-B457-1F349A040E84}.Release|Any CPU.Build.0 = Release|Any CPU
		{397A5B97-F5CE-401F-A221-BA2C7A06C2E5}.Debug|Any CPU.ActiveCfg = Debug|Any CPU
		{397A5B97-F5CE-401F-A221-BA2C7A06C2E5}.Debug|Any CPU.Build.0 = Debug|Any CPU
		{397A5B97-F5CE-401F-A221-BA2C7A06C2E5}.Release|Any CPU.ActiveCfg = Release|Any CPU
		{397A5B97-F5CE-401F-A221-BA2C7A06C2E5}.Release|Any CPU.Build.0 = Release|Any CPU
		{98F9275A-609E-4F19-A41E-EDB5600A7975}.Debug|Any CPU.ActiveCfg = Debug|Any CPU
		{98F9275A-609E-4F19-A41E-EDB5600A7975}.Debug|Any CPU.Build.0 = Debug|Any CPU
		{98F9275A-609E-4F19-A41E-EDB5600A7975}.Release|Any CPU.ActiveCfg = Release|Any CPU
		{98F9275A-609E-4F19-A41E-EDB5600A7975}.Release|Any CPU.Build.0 = Release|Any CPU
		{1B052C3E-1462-4185-8415-6BCEB4628FFC}.Debug|Any CPU.ActiveCfg = Debug|Any CPU
		{1B052C3E-1462-4185-8415-6BCEB4628FFC}.Debug|Any CPU.Build.0 = Debug|Any CPU
		{1B052C3E-1462-4185-8415-6BCEB4628FFC}.Release|Any CPU.ActiveCfg = Release|Any CPU
		{1B052C3E-1462-4185-8415-6BCEB4628FFC}.Release|Any CPU.Build.0 = Release|Any CPU
		{CFA667C3-784D-432F-9032-8A719055663B}.Debug|Any CPU.ActiveCfg = Debug|Any CPU
		{CFA667C3-784D-432F-9032-8A719055663B}.Debug|Any CPU.Build.0 = Debug|Any CPU
		{CFA667C3-784D-432F-9032-8A719055663B}.Release|Any CPU.ActiveCfg = Release|Any CPU
		{CFA667C3-784D-432F-9032-8A719055663B}.Release|Any CPU.Build.0 = Release|Any CPU
		{6791D62C-9CB5-49AF-8A07-BDB2D8FCB5AA}.Debug|Any CPU.ActiveCfg = Debug|Any CPU
		{6791D62C-9CB5-49AF-8A07-BDB2D8FCB5AA}.Debug|Any CPU.Build.0 = Debug|Any CPU
		{6791D62C-9CB5-49AF-8A07-BDB2D8FCB5AA}.Release|Any CPU.ActiveCfg = Release|Any CPU
		{6791D62C-9CB5-49AF-8A07-BDB2D8FCB5AA}.Release|Any CPU.Build.0 = Release|Any CPU
		{DCCB00C9-FFF8-49AA-9268-AEBE37B80829}.Debug|Any CPU.ActiveCfg = Debug|Any CPU
		{DCCB00C9-FFF8-49AA-9268-AEBE37B80829}.Debug|Any CPU.Build.0 = Debug|Any CPU
		{DCCB00C9-FFF8-49AA-9268-AEBE37B80829}.Release|Any CPU.ActiveCfg = Release|Any CPU
		{DCCB00C9-FFF8-49AA-9268-AEBE37B80829}.Release|Any CPU.Build.0 = Release|Any CPU
		{49FEAA3E-31FE-4348-B45E-B577B256FB9C}.Debug|Any CPU.ActiveCfg = Debug|Any CPU
		{49FEAA3E-31FE-4348-B45E-B577B256FB9C}.Debug|Any CPU.Build.0 = Debug|Any CPU
		{49FEAA3E-31FE-4348-B45E-B577B256FB9C}.Release|Any CPU.ActiveCfg = Release|Any CPU
		{49FEAA3E-31FE-4348-B45E-B577B256FB9C}.Release|Any CPU.Build.0 = Release|Any CPU
		{6F67C14F-5430-49A1-9738-D1FEB28ADF69}.Debug|Any CPU.ActiveCfg = Debug|Any CPU
		{6F67C14F-5430-49A1-9738-D1FEB28ADF69}.Debug|Any CPU.Build.0 = Debug|Any CPU
		{6F67C14F-5430-49A1-9738-D1FEB28ADF69}.Release|Any CPU.ActiveCfg = Release|Any CPU
		{6F67C14F-5430-49A1-9738-D1FEB28ADF69}.Release|Any CPU.Build.0 = Release|Any CPU
		{3F4310C7-1FB7-4FE8-AA07-F9A9EA28A810}.Debug|Any CPU.ActiveCfg = Debug|Any CPU
		{3F4310C7-1FB7-4FE8-AA07-F9A9EA28A810}.Debug|Any CPU.Build.0 = Debug|Any CPU
		{3F4310C7-1FB7-4FE8-AA07-F9A9EA28A810}.Release|Any CPU.ActiveCfg = Release|Any CPU
		{3F4310C7-1FB7-4FE8-AA07-F9A9EA28A810}.Release|Any CPU.Build.0 = Release|Any CPU
		{19D27C18-6D8C-4831-8634-6E5FAFA27704}.Debug|Any CPU.ActiveCfg = Debug|Any CPU
		{19D27C18-6D8C-4831-8634-6E5FAFA27704}.Debug|Any CPU.Build.0 = Debug|Any CPU
		{19D27C18-6D8C-4831-8634-6E5FAFA27704}.Release|Any CPU.ActiveCfg = Release|Any CPU
		{19D27C18-6D8C-4831-8634-6E5FAFA27704}.Release|Any CPU.Build.0 = Release|Any CPU
		{9581F3CB-2D03-42DB-910D-3C1E0571625C}.Debug|Any CPU.ActiveCfg = Debug|Any CPU
		{9581F3CB-2D03-42DB-910D-3C1E0571625C}.Debug|Any CPU.Build.0 = Debug|Any CPU
		{9581F3CB-2D03-42DB-910D-3C1E0571625C}.Release|Any CPU.ActiveCfg = Release|Any CPU
		{9581F3CB-2D03-42DB-910D-3C1E0571625C}.Release|Any CPU.Build.0 = Release|Any CPU
		{B1A108FC-B1DA-46A9-98D0-FFC67E37B01C}.Debug|Any CPU.ActiveCfg = Debug|Any CPU
		{B1A108FC-B1DA-46A9-98D0-FFC67E37B01C}.Debug|Any CPU.Build.0 = Debug|Any CPU
		{B1A108FC-B1DA-46A9-98D0-FFC67E37B01C}.Release|Any CPU.ActiveCfg = Release|Any CPU
		{B1A108FC-B1DA-46A9-98D0-FFC67E37B01C}.Release|Any CPU.Build.0 = Release|Any CPU
		{19D11BF7-A4BA-4562-90CB-5CC4A4CC319D}.Debug|Any CPU.ActiveCfg = Debug|Any CPU
		{19D11BF7-A4BA-4562-90CB-5CC4A4CC319D}.Debug|Any CPU.Build.0 = Debug|Any CPU
		{19D11BF7-A4BA-4562-90CB-5CC4A4CC319D}.Release|Any CPU.ActiveCfg = Release|Any CPU
		{19D11BF7-A4BA-4562-90CB-5CC4A4CC319D}.Release|Any CPU.Build.0 = Release|Any CPU
		{328880F6-D496-4033-AED1-01B23F8F11EC}.Debug|Any CPU.ActiveCfg = Debug|Any CPU
		{328880F6-D496-4033-AED1-01B23F8F11EC}.Debug|Any CPU.Build.0 = Debug|Any CPU
		{328880F6-D496-4033-AED1-01B23F8F11EC}.Release|Any CPU.ActiveCfg = Release|Any CPU
		{328880F6-D496-4033-AED1-01B23F8F11EC}.Release|Any CPU.Build.0 = Release|Any CPU
		{9EDADD1D-BFE1-4E4C-B042-6799A761F5B2}.Debug|Any CPU.ActiveCfg = Debug|Any CPU
		{9EDADD1D-BFE1-4E4C-B042-6799A761F5B2}.Debug|Any CPU.Build.0 = Debug|Any CPU
		{9EDADD1D-BFE1-4E4C-B042-6799A761F5B2}.Release|Any CPU.ActiveCfg = Release|Any CPU
		{9EDADD1D-BFE1-4E4C-B042-6799A761F5B2}.Release|Any CPU.Build.0 = Release|Any CPU
		{E6D67686-325C-4A02-B145-8815523E1EC2}.Debug|Any CPU.ActiveCfg = Debug|Any CPU
		{E6D67686-325C-4A02-B145-8815523E1EC2}.Debug|Any CPU.Build.0 = Debug|Any CPU
		{E6D67686-325C-4A02-B145-8815523E1EC2}.Release|Any CPU.ActiveCfg = Release|Any CPU
		{E6D67686-325C-4A02-B145-8815523E1EC2}.Release|Any CPU.Build.0 = Release|Any CPU
		{5831D091-C30F-4FF0-A9EC-E930C952D00D}.Debug|Any CPU.ActiveCfg = Debug|Any CPU
		{5831D091-C30F-4FF0-A9EC-E930C952D00D}.Debug|Any CPU.Build.0 = Debug|Any CPU
		{5831D091-C30F-4FF0-A9EC-E930C952D00D}.Release|Any CPU.ActiveCfg = Release|Any CPU
		{5831D091-C30F-4FF0-A9EC-E930C952D00D}.Release|Any CPU.Build.0 = Release|Any CPU
		{52327D36-D94E-417C-987A-29394BC31192}.Debug|Any CPU.ActiveCfg = Debug|Any CPU
		{52327D36-D94E-417C-987A-29394BC31192}.Debug|Any CPU.Build.0 = Debug|Any CPU
		{52327D36-D94E-417C-987A-29394BC31192}.Release|Any CPU.ActiveCfg = Release|Any CPU
		{52327D36-D94E-417C-987A-29394BC31192}.Release|Any CPU.Build.0 = Release|Any CPU
		{A6D47B55-E506-4C00-9FBB-C5516063D1AF}.Debug|Any CPU.ActiveCfg = Debug|Any CPU
		{A6D47B55-E506-4C00-9FBB-C5516063D1AF}.Debug|Any CPU.Build.0 = Debug|Any CPU
		{A6D47B55-E506-4C00-9FBB-C5516063D1AF}.Release|Any CPU.ActiveCfg = Release|Any CPU
		{A6D47B55-E506-4C00-9FBB-C5516063D1AF}.Release|Any CPU.Build.0 = Release|Any CPU
		{C9901FA1-32F4-454E-B76A-CEDEF4C171DE}.Debug|Any CPU.ActiveCfg = Debug|Any CPU
		{C9901FA1-32F4-454E-B76A-CEDEF4C171DE}.Debug|Any CPU.Build.0 = Debug|Any CPU
		{C9901FA1-32F4-454E-B76A-CEDEF4C171DE}.Release|Any CPU.ActiveCfg = Release|Any CPU
		{C9901FA1-32F4-454E-B76A-CEDEF4C171DE}.Release|Any CPU.Build.0 = Release|Any CPU
		{824A1453-0E74-47B7-BC5D-206F9CE9A668}.Debug|Any CPU.ActiveCfg = Debug|Any CPU
		{824A1453-0E74-47B7-BC5D-206F9CE9A668}.Debug|Any CPU.Build.0 = Debug|Any CPU
		{824A1453-0E74-47B7-BC5D-206F9CE9A668}.Release|Any CPU.ActiveCfg = Release|Any CPU
		{824A1453-0E74-47B7-BC5D-206F9CE9A668}.Release|Any CPU.Build.0 = Release|Any CPU
		{619A57BF-C209-4939-9117-7B8CCAB44E96}.Debug|Any CPU.ActiveCfg = Debug|Any CPU
		{619A57BF-C209-4939-9117-7B8CCAB44E96}.Debug|Any CPU.Build.0 = Debug|Any CPU
		{619A57BF-C209-4939-9117-7B8CCAB44E96}.Release|Any CPU.ActiveCfg = Release|Any CPU
		{619A57BF-C209-4939-9117-7B8CCAB44E96}.Release|Any CPU.Build.0 = Release|Any CPU
	EndGlobalSection
	GlobalSection(SolutionProperties) = preSolution
		HideSolutionNode = FALSE
	EndGlobalSection
	GlobalSection(NestedProjects) = preSolution
		{48FEA97B-3D11-4DA1-B457-1F349A040E84} = {FD43C92B-1C4C-48EA-BCFC-F14FD7C9F3B9}
		{397A5B97-F5CE-401F-A221-BA2C7A06C2E5} = {FD43C92B-1C4C-48EA-BCFC-F14FD7C9F3B9}
		{98F9275A-609E-4F19-A41E-EDB5600A7975} = {028D3C8B-2A10-43BA-97C9-86DA173AF6ED}
		{1B052C3E-1462-4185-8415-6BCEB4628FFC} = {7E8D1CD0-2ADB-4B81-84AF-AC619543F6DB}
		{CFA667C3-784D-432F-9032-8A719055663B} = {36376BC7-73A8-4385-808D-F332884F72A6}
		{6791D62C-9CB5-49AF-8A07-BDB2D8FCB5AA} = {FBBDFAA8-2195-42EA-BFDB-E2E41519C728}
		{DCCB00C9-FFF8-49AA-9268-AEBE37B80829} = {B9C4A2DE-627B-4C5E-BEF1-234CE7B81594}
		{49FEAA3E-31FE-4348-B45E-B577B256FB9C} = {8DA3D02D-9C6A-4084-A452-9A45D7FA48A6}
		{6F67C14F-5430-49A1-9738-D1FEB28ADF69} = {8D6C6BA8-5B61-4B51-A725-928DCB6D5E25}
		{3F4310C7-1FB7-4FE8-AA07-F9A9EA28A810} = {A7CAF8A4-F8B6-4B57-8343-69FE34D3071A}
		{19D27C18-6D8C-4831-8634-6E5FAFA27704} = {8D6C6BA8-5B61-4B51-A725-928DCB6D5E25}
		{9581F3CB-2D03-42DB-910D-3C1E0571625C} = {A75BD184-6ECA-4710-A560-FFD2015045FF}
		{A75BD184-6ECA-4710-A560-FFD2015045FF} = {0F2D88FA-0197-49C2-BC51-372838CBC9E8}
		{8DA3D02D-9C6A-4084-A452-9A45D7FA48A6} = {0F2D88FA-0197-49C2-BC51-372838CBC9E8}
		{A7CAF8A4-F8B6-4B57-8343-69FE34D3071A} = {0F2D88FA-0197-49C2-BC51-372838CBC9E8}
		{8D6C6BA8-5B61-4B51-A725-928DCB6D5E25} = {0F2D88FA-0197-49C2-BC51-372838CBC9E8}
		{36376BC7-73A8-4385-808D-F332884F72A6} = {1C9A5FD7-E9E4-48A0-B461-90328E7B3330}
		{B9C4A2DE-627B-4C5E-BEF1-234CE7B81594} = {1C9A5FD7-E9E4-48A0-B461-90328E7B3330}
		{FBBDFAA8-2195-42EA-BFDB-E2E41519C728} = {1C9A5FD7-E9E4-48A0-B461-90328E7B3330}
		{028D3C8B-2A10-43BA-97C9-86DA173AF6ED} = {115D7E81-0FA4-40D4-AE3C-047CC7B98475}
		{7E8D1CD0-2ADB-4B81-84AF-AC619543F6DB} = {115D7E81-0FA4-40D4-AE3C-047CC7B98475}
		{EF9106F9-BBD9-4C06-BFFB-3E34E6615576} = {B7E1964A-0B39-4EF1-9AAC-417FF766FC56}
		{B1A108FC-B1DA-46A9-98D0-FFC67E37B01C} = {EF9106F9-BBD9-4C06-BFFB-3E34E6615576}
		{73918221-F133-492F-BD2A-551D9D14E47D} = {B7E1964A-0B39-4EF1-9AAC-417FF766FC56}
		{19D11BF7-A4BA-4562-90CB-5CC4A4CC319D} = {73918221-F133-492F-BD2A-551D9D14E47D}
		{96C3D59E-119D-4B98-AF2A-ABC431B8DEF2} = {B7E1964A-0B39-4EF1-9AAC-417FF766FC56}
		{ED5A18C1-B312-4C13-92E0-CF823DFBBBC4} = {B7E1964A-0B39-4EF1-9AAC-417FF766FC56}
		{328880F6-D496-4033-AED1-01B23F8F11EC} = {96C3D59E-119D-4B98-AF2A-ABC431B8DEF2}
		{9EDADD1D-BFE1-4E4C-B042-6799A761F5B2} = {ED5A18C1-B312-4C13-92E0-CF823DFBBBC4}
		{8D70EDC6-3A95-4D75-9CB9-9D467B3CEC59} = {B70DEF82-1E2F-4ED2-A799-E46481855CAC}
		{29EFCF75-2919-4B54-92B4-6DC866DC9451} = {B70DEF82-1E2F-4ED2-A799-E46481855CAC}
		{0BC1DB68-A527-4CFF-8A04-2421D19490A0} = {B70DEF82-1E2F-4ED2-A799-E46481855CAC}
		{E6D67686-325C-4A02-B145-8815523E1EC2} = {8D70EDC6-3A95-4D75-9CB9-9D467B3CEC59}
		{5831D091-C30F-4FF0-A9EC-E930C952D00D} = {29EFCF75-2919-4B54-92B4-6DC866DC9451}
		{52327D36-D94E-417C-987A-29394BC31192} = {0BC1DB68-A527-4CFF-8A04-2421D19490A0}
		{4F7E7EE1-15B4-4145-930F-3817018934AD} = {B888F33A-8AF2-495C-AEDD-956E3F08F1E2}
		{07F6933D-79C4-4F51-91C0-9C5A0D3265ED} = {B888F33A-8AF2-495C-AEDD-956E3F08F1E2}
		{4319EE88-38FD-46D2-BBDF-6402DB75A947} = {B888F33A-8AF2-495C-AEDD-956E3F08F1E2}
		{A6D47B55-E506-4C00-9FBB-C5516063D1AF} = {4319EE88-38FD-46D2-BBDF-6402DB75A947}
		{C9901FA1-32F4-454E-B76A-CEDEF4C171DE} = {07F6933D-79C4-4F51-91C0-9C5A0D3265ED}
		{824A1453-0E74-47B7-BC5D-206F9CE9A668} = {4F7E7EE1-15B4-4145-930F-3817018934AD}
		{619A57BF-C209-4939-9117-7B8CCAB44E96} = {4F7E7EE1-15B4-4145-930F-3817018934AD}
	EndGlobalSection
EndGlobal
